
Microsoft Visual Studio Solution File, Format Version 12.00
# Visual Studio 15
VisualStudioVersion = 15.0.26430.14
MinimumVisualStudioVersion = 10.0.40219.1
Project("{8BC9CEB8-8B4A-11D0-8D11-00A0C91BC942}") = "battle3", "battle3\battle3.vcxproj", "{315D164C-1999-4E46-A594-98EBAC7E3CEF}"
EndProject
Global
	GlobalSection(SolutionConfigurationPlatforms) = preSolution
		Debug|x64 = Debug|x64
		Debug|x86 = Debug|x86
		Release|x64 = Release|x64
		Release|x86 = Release|x86
	EndGlobalSection
	GlobalSection(ProjectConfigurationPlatforms) = postSolution
		{315D164C-1999-4E46-A594-98EBAC7E3CEF}.Debug|x64.ActiveCfg = Debug|x64
		{315D164C-1999-4E46-A594-98EBAC7E3CEF}.Debug|x64.Build.0 = Debug|x64
		{315D164C-1999-4E46-A594-98EBAC7E3CEF}.Debug|x86.ActiveCfg = Debug|Win32
		{315D164C-1999-4E46-A594-98EBAC7E3CEF}.Debug|x86.Build.0 = Debug|Win32
		{315D164C-1999-4E46-A594-98EBAC7E3CEF}.Release|x64.ActiveCfg = Release|x64
		{315D164C-1999-4E46-A594-98EBAC7E3CEF}.Release|x64.Build.0 = Release|x64
		{315D164C-1999-4E46-A594-98EBAC7E3CEF}.Release|x86.ActiveCfg = Release|Win32
		{315D164C-1999-4E46-A594-98EBAC7E3CEF}.Release|x86.Build.0 = Release|Win32
	EndGlobalSection
	GlobalSection(SolutionProperties) = preSolution
		HideSolutionNode = FALSE
	EndGlobalSection
EndGlobal
